{
  "name": "pmt-data-table",
  "version": "0.1.2",
  "lockfileVersion": 1,
  "requires": true,
  "dependencies": {
    "@types/jquery": {
      "version": "3.3.22",
      "resolved": "https://registry.npmjs.org/@types/jquery/-/jquery-3.3.22.tgz",
      "integrity": "sha512-a4JDcIhJhHYnoWCkG3xT2CZxXZeA92JeREESorg0DMQ3ZsjuKF48h7XK4l5Gl2GRa/ItGRpKMT0pyK88yRgqXQ==",
      "dev": true,
      "requires": {
        "@types/sizzle": "2.3.2"
      }
    },
    "@types/sizzle": {
      "version": "2.3.2",
      "resolved": "https://registry.npmjs.org/@types/sizzle/-/sizzle-2.3.2.tgz",
      "integrity": "sha512-7EJYyKTL7tFR8+gDbB6Wwz/arpGa0Mywk1TJbNzKzHtzbwVmY4HR9WqS5VV7dsBUKQmPNr192jHr/VpBluj/hg==",
      "dev": true
    },
    "pmt-dialog": {
      "version": "0.2.2",
      "resolved": "https://registry.npmjs.org/pmt-dialog/-/pmt-dialog-0.2.2.tgz",
      "integrity": "sha512-aQ/LiE5HjIsx+gVbITk7bFxq2P/wVRPEP34PyG2qH19v68cnMgyb4jvQcye0o+Pw0UBQimpYB0G8tgSd5WDxsA==",
      "requires": {
        "tslib": "1.9.3"
      }
    },
    "tslib": {
      "version": "1.9.3",
      "resolved": "https://registry.npmjs.org/tslib/-/tslib-1.9.3.tgz",
      "integrity": "sha512-4krF8scpejhaOgqzBEcGM7yDIEfi0/8+8zDRZhNZZ2kjmHJ4hv3zCbQWxoJGz1iw5U0Jl0nma13xzHXcncMavQ=="
    }
  }
}
